// !$*UTF8*$!
{
	archiveVersion = 1;
	classes = {
	};
	objectVersion = 50;
	objects = {

/* Begin PBXBuildFile section */
		65559B2622B3750100398785 /* AppDelegate.swift in Sources */ = {isa = PBXBuildFile; fileRef = 65559B2522B3750100398785 /* AppDelegate.swift */; };
		65559B2822B3750100398785 /* SceneDelegate.swift in Sources */ = {isa = PBXBuildFile; fileRef = 65559B2722B3750100398785 /* SceneDelegate.swift */; };
		65559B2A22B3750100398785 /* ContentView.swift in Sources */ = {isa = PBXBuildFile; fileRef = 65559B2922B3750100398785 /* ContentView.swift */; };
		65559B2C22B3750200398785 /* Assets.xcassets in Resources */ = {isa = PBXBuildFile; fileRef = 65559B2B22B3750200398785 /* Assets.xcassets */; };
		65559B2F22B3750200398785 /* Preview Assets.xcassets in Resources */ = {isa = PBXBuildFile; fileRef = 65559B2E22B3750200398785 /* Preview Assets.xcassets */; };
		65559B3222B3750200398785 /* LaunchScreen.storyboard in Resources */ = {isa = PBXBuildFile; fileRef = 65559B3022B3750200398785 /* LaunchScreen.storyboard */; };
		65559B3D22B3750200398785 /* SwiftUI_Demo6Tests.swift in Sources */ = {isa = PBXBuildFile; fileRef = 65559B3C22B3750200398785 /* SwiftUI_Demo6Tests.swift */; };
		65559B4822B3750200398785 /* SwiftUI_Demo6UITests.swift in Sources */ = {isa = PBXBuildFile; fileRef = 65559B4722B3750200398785 /* SwiftUI_Demo6UITests.swift */; };
/* End PBXBuildFile section */

/* Begin PBXContainerItemProxy section */
		65559B3922B3750200398785 /* PBXContainerItemProxy */ = {
			isa = PBXContainerItemProxy;
			containerPortal = 65559B1A22B3750100398785 /* Project object */;
			proxyType = 1;
			remoteGlobalIDString = 65559B2122B3750100398785;
			remoteInfo = SwiftUI_Demo6;
		};
		65559B4422B3750200398785 /* PBXContainerItemProxy */ = {
			isa = PBXContainerItemProxy;
			containerPortal = 65559B1A22B3750100398785 /* Project object */;
			proxyType = 1;
			remoteGlobalIDString = 65559B2122B3750100398785;
			remoteInfo = SwiftUI_Demo6;
		};
/* End PBXContainerItemProxy section */

/* Begin PBXFileReference section */
		65559B2222B3750100398785 /* SwiftUI_Demo6.app */ = {isa = PBXFileReference; explicitFileType = wrapper.application; includeInIndex = 0; path = SwiftUI_Demo6.app; sourceTree = BUILT_PRODUCTS_DIR; };
		65559B2522B3750100398785 /* AppDelegate.swift */ = {isa = PBXFileReference; lastKnownFileType = sourcecode.swift; path = AppDelegate.swift; sourceTree = "<group>"; };
		65559B2722B3750100398785 /* SceneDelegate.swift */ = {isa = PBXFileReference; lastKnownFileType = sourcecode.swift; path = SceneDelegate.swift; sourceTree = "<group>"; };
		65559B2922B3750100398785 /* ContentView.swift */ = {isa = PBXFileReference; lastKnownFileType = sourcecode.swift; path = ContentView.swift; sourceTree = "<group>"; };
		65559B2B22B3750200398785 /* Assets.xcassets */ = {isa = PBXFileReference; lastKnownFileType = folder.assetcatalog; path = Assets.xcassets; sourceTree = "<group>"; };
		65559B2E22B3750200398785 /* Preview Assets.xcassets */ = {isa = PBXFileReference; lastKnownFileType = folder.assetcatalog; path = "Preview Assets.xcassets"; sourceTree = "<group>"; };
		65559B3122B3750200398785 /* Base */ = {isa = PBXFileReference; lastKnownFileType = file.storyboard; name = Base; path = Base.lproj/LaunchScreen.storyboard; sourceTree = "<group>"; };
		65559B3322B3750200398785 /* Info.plist */ = {isa = PBXFileReference; lastKnownFileType = text.plist.xml; path = Info.plist; sourceTree = "<group>"; };
		65559B3822B3750200398785 /* SwiftUI_Demo6Tests.xctest */ = {isa = PBXFileReference; explicitFileType = wrapper.cfbundle; includeInIndex = 0; path = SwiftUI_Demo6Tests.xctest; sourceTree = BUILT_PRODUCTS_DIR; };
		65559B3C22B3750200398785 /* SwiftUI_Demo6Tests.swift */ = {isa = PBXFileReference; lastKnownFileType = sourcecode.swift; path = SwiftUI_Demo6Tests.swift; sourceTree = "<group>"; };
		65559B3E22B3750200398785 /* Info.plist */ = {isa = PBXFileReference; lastKnownFileType = text.plist.xml; path = Info.plist; sourceTree = "<group>"; };
		65559B4322B3750200398785 /* SwiftUI_Demo6UITests.xctest */ = {isa = PBXFileReference; explicitFileType = wrapper.cfbundle; includeInIndex = 0; path = SwiftUI_Demo6UITests.xctest; sourceTree = BUILT_PRODUCTS_DIR; };
		65559B4722B3750200398785 /* SwiftUI_Demo6UITests.swift */ = {isa = PBXFileReference; lastKnownFileType = sourcecode.swift; path = SwiftUI_Demo6UITests.swift; sourceTree = "<group>"; };
		65559B4922B3750200398785 /* Info.plist */ = {isa = PBXFileReference; lastKnownFileType = text.plist.xml; path = Info.plist; sourceTree = "<group>"; };
/* End PBXFileReference section */

/* Begin PBXFrameworksBuildPhase section */
		65559B1F22B3750100398785 /* Frameworks */ = {
			isa = PBXFrameworksBuildPhase;
			buildActionMask = 2147483647;
			files = (
			);
			runOnlyForDeploymentPostprocessing = 0;
		};
		65559B3522B3750200398785 /* Frameworks */ = {
			isa = PBXFrameworksBuildPhase;
			buildActionMask = 2147483647;
			files = (
			);
			runOnlyForDeploymentPostprocessing = 0;
		};
		65559B4022B3750200398785 /* Frameworks */ = {
			isa = PBXFrameworksBuildPhase;
			buildActionMask = 2147483647;
			files = (
			);
			runOnlyForDeploymentPostprocessing = 0;
		};
/* End PBXFrameworksBuildPhase section */

/* Begin PBXGroup section */
		65559B1922B3750100398785 = {
			isa = PBXGroup;
			children = (
				65559B2422B3750100398785 /* SwiftUI_Demo6 */,
				65559B3B22B3750200398785 /* SwiftUI_Demo6Tests */,
				65559B4622B3750200398785 /* SwiftUI_Demo6UITests */,
				65559B2322B3750100398785 /* Products */,
			);
			sourceTree = "<group>";
		};
		65559B2322B3750100398785 /* Products */ = {
			isa = PBXGroup;
			children = (
				65559B2222B3750100398785 /* SwiftUI_Demo6.app */,
				65559B3822B3750200398785 /* SwiftUI_Demo6Tests.xctest */,
				65559B4322B3750200398785 /* SwiftUI_Demo6UITests.xctest */,
			);
			name = Products;
			sourceTree = "<group>";
		};
		65559B2422B3750100398785 /* SwiftUI_Demo6 */ = {
			isa = PBXGroup;
			children = (
				65559B2522B3750100398785 /* AppDelegate.swift */,
				65559B2722B3750100398785 /* SceneDelegate.swift */,
				65559B2922B3750100398785 /* ContentView.swift */,
				65559B2B22B3750200398785 /* Assets.xcassets */,
				65559B3022B3750200398785 /* LaunchScreen.storyboard */,
				65559B3322B3750200398785 /* Info.plist */,
				65559B2D22B3750200398785 /* Preview Content */,
			);
			path = SwiftUI_Demo6;
			sourceTree = "<group>";
		};
		65559B2D22B3750200398785 /* Preview Content */ = {
			isa = PBXGroup;
			children = (
				65559B2E22B3750200398785 /* Preview Assets.xcassets */,
			);
			path = "Preview Content";
			sourceTree = "<group>";
		};
		65559B3B22B3750200398785 /* SwiftUI_Demo6Tests */ = {
			isa = PBXGroup;
			children = (
				65559B3C22B3750200398785 /* SwiftUI_Demo6Tests.swift */,
				65559B3E22B3750200398785 /* Info.plist */,
			);
			path = SwiftUI_Demo6Tests;
			sourceTree = "<group>";
		};
		65559B4622B3750200398785 /* SwiftUI_Demo6UITests */ = {
			isa = PBXGroup;
			children = (
				65559B4722B3750200398785 /* SwiftUI_Demo6UITests.swift */,
				65559B4922B3750200398785 /* Info.plist */,
			);
			path = SwiftUI_Demo6UITests;
			sourceTree = "<group>";
		};
/* End PBXGroup section */

/* Begin PBXNativeTarget section */
		65559B2122B3750100398785 /* SwiftUI_Demo6 */ = {
			isa = PBXNativeTarget;
			buildConfigurationList = 65559B4C22B3750200398785 /* Build configuration list for PBXNativeTarget "SwiftUI_Demo6" */;
			buildPhases = (
				65559B1E22B3750100398785 /* Sources */,
				65559B1F22B3750100398785 /* Frameworks */,
				65559B2022B3750100398785 /* Resources */,
			);
			buildRules = (
			);
			dependencies = (
			);
			name = SwiftUI_Demo6;
			productName = SwiftUI_Demo6;
			productReference = 65559B2222B3750100398785 /* SwiftUI_Demo6.app */;
			productType = "com.apple.product-type.application";
		};
		65559B3722B3750200398785 /* SwiftUI_Demo6Tests */ = {
			isa = PBXNativeTarget;
			buildConfigurationList = 65559B4F22B3750200398785 /* Build configuration list for PBXNativeTarget "SwiftUI_Demo6Tests" */;
			buildPhases = (
				65559B3422B3750200398785 /* Sources */,
				65559B3522B3750200398785 /* Frameworks */,
				65559B3622B3750200398785 /* Resources */,
			);
			buildRules = (
			);
			dependencies = (
				65559B3A22B3750200398785 /* PBXTargetDependency */,
			);
			name = SwiftUI_Demo6Tests;
			productName = SwiftUI_Demo6Tests;
			productReference = 65559B3822B3750200398785 /* SwiftUI_Demo6Tests.xctest */;
			productType = "com.apple.product-type.bundle.unit-test";
		};
		65559B4222B3750200398785 /* SwiftUI_Demo6UITests */ = {
			isa = PBXNativeTarget;
			buildConfigurationList = 65559B5222B3750200398785 /* Build configuration list for PBXNativeTarget "SwiftUI_Demo6UITests" */;
			buildPhases = (
				65559B3F22B3750200398785 /* Sources */,
				65559B4022B3750200398785 /* Frameworks */,
				65559B4122B3750200398785 /* Resources */,
			);
			buildRules = (
			);
			dependencies = (
				65559B4522B3750200398785 /* PBXTargetDependency */,
			);
			name = SwiftUI_Demo6UITests;
			productName = SwiftUI_Demo6UITests;
			productReference = 65559B4322B3750200398785 /* SwiftUI_Demo6UITests.xctest */;
			productType = "com.apple.product-type.bundle.ui-testing";
		};
/* End PBXNativeTarget section */

/* Begin PBXProject section */
		65559B1A22B3750100398785 /* Project object */ = {
			isa = PBXProject;
			attributes = {
				LastSwiftUpdateCheck = 1100;
				LastUpgradeCheck = 1100;
				ORGANIZATIONNAME = daniel;
				TargetAttributes = {
					65559B2122B3750100398785 = {
						CreatedOnToolsVersion = 11.0;
					};
					65559B3722B3750200398785 = {
						CreatedOnToolsVersion = 11.0;
						TestTargetID = 65559B2122B3750100398785;
					};
					65559B4222B3750200398785 = {
						CreatedOnToolsVersion = 11.0;
						TestTargetID = 65559B2122B3750100398785;
					};
				};
			};
			buildConfigurationList = 65559B1D22B3750100398785 /* Build configuration list for PBXProject "SwiftUI_Demo6" */;
			compatibilityVersion = "Xcode 9.3";
			developmentRegion = en;
			hasScannedForEncodings = 0;
			knownRegions = (
				en,
				Base,
			);
			mainGroup = 65559B1922B3750100398785;
			productRefGroup = 65559B2322B3750100398785 /* Products */;
			projectDirPath = "";
			projectRoot = "";
			targets = (
				65559B2122B3750100398785 /* SwiftUI_Demo6 */,
				65559B3722B3750200398785 /* SwiftUI_Demo6Tests */,
				65559B4222B3750200398785 /* SwiftUI_Demo6UITests */,
			);
		};
/* End PBXProject section */

/* Begin PBXResourcesBuildPhase section */
		65559B2022B3750100398785 /* Resources */ = {
			isa = PBXResourcesBuildPhase;
			buildActionMask = 2147483647;
			files = (
				65559B3222B3750200398785 /* LaunchScreen.storyboard in Resources */,
				65559B2F22B3750200398785 /* Preview Assets.xcassets in Resources */,
				65559B2C22B3750200398785 /* Assets.xcassets in Resources */,
			);
			runOnlyForDeploymentPostprocessing = 0;
		};
		65559B3622B3750200398785 /* Resources */ = {
			isa = PBXResourcesBuildPhase;
			buildActionMask = 2147483647;
			files = (
			);
			runOnlyForDeploymentPostprocessing = 0;
		};
		65559B4122B3750200398785 /* Resources */ = {
			isa = PBXResourcesBuildPhase;
			buildActionMask = 2147483647;
			files = (
			);
			runOnlyForDeploymentPostprocessing = 0;
		};
/* End PBXResourcesBuildPhase section */

/* Begin PBXSourcesBuildPhase section */
		65559B1E22B3750100398785 /* Sources */ = {
			isa = PBXSourcesBuildPhase;
			buildActionMask = 2147483647;
			files = (
				65559B2622B3750100398785 /* AppDelegate.swift in Sources */,
				65559B2822B3750100398785 /* SceneDelegate.swift in Sources */,
				65559B2A22B3750100398785 /* ContentView.swift in Sources */,
			);
			runOnlyForDeploymentPostprocessing = 0;
		};
		65559B3422B3750200398785 /* Sources */ = {
			isa = PBXSourcesBuildPhase;
			buildActionMask = 2147483647;
			files = (
				65559B3D22B3750200398785 /* SwiftUI_Demo6Tests.swift in Sources */,
			);
			runOnlyForDeploymentPostprocessing = 0;
		};
		65559B3F22B3750200398785 /* Sources */ = {
			isa = PBXSourcesBuildPhase;
			buildActionMask = 2147483647;
			files = (
				65559B4822B3750200398785 /* SwiftUI_Demo6UITests.swift in Sources */,
			);
			runOnlyForDeploymentPostprocessing = 0;
		};
/* End PBXSourcesBuildPhase section */

/* Begin PBXTargetDependency section */
		65559B3A22B3750200398785 /* PBXTargetDependency */ = {
			isa = PBXTargetDependency;
			target = 65559B2122B3750100398785 /* SwiftUI_Demo6 */;
			targetProxy = 65559B3922B3750200398785 /* PBXContainerItemProxy */;
		};
		65559B4522B3750200398785 /* PBXTargetDependency */ = {
			isa = PBXTargetDependency;
			target = 65559B2122B3750100398785 /* SwiftUI_Demo6 */;
			targetProxy = 65559B4422B3750200398785 /* PBXContainerItemProxy */;
		};
/* End PBXTargetDependency section */

/* Begin PBXVariantGroup section */
		65559B3022B3750200398785 /* LaunchScreen.storyboard */ = {
			isa = PBXVariantGroup;
			children = (
				65559B3122B3750200398785 /* Base */,
			);
			name = LaunchScreen.storyboard;
			sourceTree = "<group>";
		};
/* End PBXVariantGroup section */

/* Begin XCBuildConfiguration section */
		65559B4A22B3750200398785 /* Debug */ = {
			isa = XCBuildConfiguration;
			buildSettings = {
				ALWAYS_SEARCH_USER_PATHS = NO;
				CLANG_ANALYZER_NONNULL = YES;
				CLANG_ANALYZER_NUMBER_OBJECT_CONVERSION = YES_AGGRESSIVE;
				CLANG_CXX_LANGUAGE_STANDARD = "gnu++14";
				CLANG_CXX_LIBRARY = "libc++";
				CLANG_ENABLE_MODULES = YES;
				CLANG_ENABLE_OBJC_ARC = YES;
				CLANG_ENABLE_OBJC_WEAK = YES;
				CLANG_WARN_BLOCK_CAPTURE_AUTORELEASING = YES;
				CLANG_WARN_BOOL_CONVERSION = YES;
				CLANG_WARN_COMMA = YES;
				CLANG_WARN_CONSTANT_CONVERSION = YES;
				CLANG_WARN_DEPRECATED_OBJC_IMPLEMENTATIONS = YES;
				CLANG_WARN_DIRECT_OBJC_ISA_USAGE = YES_ERROR;
				CLANG_WARN_DOCUMENTATION_COMMENTS = YES;
				CLANG_WARN_EMPTY_BODY = YES;
				CLANG_WARN_ENUM_CONVERSION = YES;
				CLANG_WARN_INFINITE_RECURSION = YES;
				CLANG_WARN_INT_CONVERSION = YES;
				CLANG_WARN_NON_LITERAL_NULL_CONVERSION = YES;
				CLANG_WARN_OBJC_IMPLICIT_RETAIN_SELF = YES;
				CLANG_WARN_OBJC_LITERAL_CONVERSION = YES;
				CLANG_WARN_OBJC_ROOT_CLASS = YES_ERROR;
				CLANG_WARN_RANGE_LOOP_ANALYSIS = YES;
				CLANG_WARN_STRICT_PROTOTYPES = YES;
				CLANG_WARN_SUSPICIOUS_MOVE = YES;
				CLANG_WARN_UNGUARDED_AVAILABILITY = YES_AGGRESSIVE;
				CLANG_WARN_UNREACHABLE_CODE = YES;
				CLANG_WARN__DUPLICATE_METHOD_MATCH = YES;
				COPY_PHASE_STRIP = NO;
				DEBUG_INFORMATION_FORMAT = dwarf;
				ENABLE_STRICT_OBJC_MSGSEND = YES;
				ENABLE_TESTABILITY = YES;
				GCC_C_LANGUAGE_STANDARD = gnu11;
				GCC_DYNAMIC_NO_PIC = NO;
				GCC_NO_COMMON_BLOCKS = YES;
				GCC_OPTIMIZATION_LEVEL = 0;
				GCC_PREPROCESSOR_DEFINITIONS = (
					"DEBUG=1",
					"$(inherited)",
				);
				GCC_WARN_64_TO_32_BIT_CONVERSION = YES;
				GCC_WARN_ABOUT_RETURN_TYPE = YES_ERROR;
				GCC_WARN_UNDECLARED_SELECTOR = YES;
				GCC_WARN_UNINITIALIZED_AUTOS = YES_AGGRESSIVE;
				GCC_WARN_UNUSED_FUNCTION = YES;
				GCC_WARN_UNUSED_VARIABLE = YES;
				IPHONEOS_DEPLOYMENT_TARGET = 13.0;
				MTL_ENABLE_DEBUG_INFO = INCLUDE_SOURCE;
				MTL_FAST_MATH = YES;
				ONLY_ACTIVE_ARCH = YES;
				SDKROOT = iphoneos;
				SWIFT_ACTIVE_COMPILATION_CONDITIONS = DEBUG;
				SWIFT_OPTIMIZATION_LEVEL = "-Onone";
			};
			name = Debug;
		};
		65559B4B22B3750200398785 /* Release */ = {
			isa = XCBuildConfiguration;
			buildSettings = {
				ALWAYS_SEARCH_USER_PATHS = NO;
				CLANG_ANALYZER_NONNULL = YES;
				CLANG_ANALYZER_NUMBER_OBJECT_CONVERSION = YES_AGGRESSIVE;
				CLANG_CXX_LANGUAGE_STANDARD = "gnu++14";
				CLANG_CXX_LIBRARY = "libc++";
				CLANG_ENABLE_MODULES = YES;
				CLANG_ENABLE_OBJC_ARC = YES;
				CLANG_ENABLE_OBJC_WEAK = YES;
				CLANG_WARN_BLOCK_CAPTURE_AUTORELEASING = YES;
				CLANG_WARN_BOOL_CONVERSION = YES;
				CLANG_WARN_COMMA = YES;
				CLANG_WARN_CONSTANT_CONVERSION = YES;
				CLANG_WARN_DEPRECATED_OBJC_IMPLEMENTATIONS = YES;
				CLANG_WARN_DIRECT_OBJC_ISA_USAGE = YES_ERROR;
				CLANG_WARN_DOCUMENTATION_COMMENTS = YES;
				CLANG_WARN_EMPTY_BODY = YES;
				CLANG_WARN_ENUM_CONVERSION = YES;
				CLANG_WARN_INFINITE_RECURSION = YES;
				CLANG_WARN_INT_CONVERSION = YES;
				CLANG_WARN_NON_LITERAL_NULL_CONVERSION = YES;
				CLANG_WARN_OBJC_IMPLICIT_RETAIN_SELF = YES;
				CLANG_WARN_OBJC_LITERAL_CONVERSION = YES;
				CLANG_WARN_OBJC_ROOT_CLASS = YES_ERROR;
				CLANG_WARN_RANGE_LOOP_ANALYSIS = YES;
				CLANG_WARN_STRICT_PROTOTYPES = YES;
				CLANG_WARN_SUSPICIOUS_MOVE = YES;
				CLANG_WARN_UNGUARDED_AVAILABILITY = YES_AGGRESSIVE;
				CLANG_WARN_UNREACHABLE_CODE = YES;
				CLANG_WARN__DUPLICATE_METHOD_MATCH = YES;
				COPY_PHASE_STRIP = NO;
				DEBUG_INFORMATION_FORMAT = "dwarf-with-dsym";
				ENABLE_NS_ASSERTIONS = NO;
				ENABLE_STRICT_OBJC_MSGSEND = YES;
				GCC_C_LANGUAGE_STANDARD = gnu11;
				GCC_NO_COMMON_BLOCKS = YES;
				GCC_WARN_64_TO_32_BIT_CONVERSION = YES;
				GCC_WARN_ABOUT_RETURN_TYPE = YES_ERROR;
				GCC_WARN_UNDECLARED_SELECTOR = YES;
				GCC_WARN_UNINITIALIZED_AUTOS = YES_AGGRESSIVE;
				GCC_WARN_UNUSED_FUNCTION = YES;
				GCC_WARN_UNUSED_VARIABLE = YES;
				IPHONEOS_DEPLOYMENT_TARGET = 13.0;
				MTL_ENABLE_DEBUG_INFO = NO;
				MTL_FAST_MATH = YES;
				SDKROOT = iphoneos;
				SWIFT_COMPILATION_MODE = wholemodule;
				SWIFT_OPTIMIZATION_LEVEL = "-O";
				VALIDATE_PRODUCT = YES;
			};
			name = Release;
		};
		65559B4D22B3750200398785 /* Debug */ = {
			isa = XCBuildConfiguration;
			buildSettings = {
				ASSETCATALOG_COMPILER_APPICON_NAME = AppIcon;
				CODE_SIGN_STYLE = Automatic;
				DEVELOPMENT_ASSET_PATHS = "SwiftUI_Demo6/Preview\\ Content";
				ENABLE_PREVIEWS = YES;
				INFOPLIST_FILE = SwiftUI_Demo6/Info.plist;
				LD_RUNPATH_SEARCH_PATHS = (
					"$(inherited)",
					"@executable_path/Frameworks",
				);
				PRODUCT_BUNDLE_IDENTIFIER = "daniel.SwiftUI-Demo6";
				PRODUCT_NAME = "$(TARGET_NAME)";
				SWIFT_VERSION = 5.0;
				TARGETED_DEVICE_FAMILY = "1,2";
			};
			name = Debug;
		};
		65559B4E22B3750200398785 /* Release */ = {
			isa = XCBuildConfiguration;
			buildSettings = {
				ASSETCATALOG_COMPILER_APPICON_NAME = AppIcon;
				CODE_SIGN_STYLE = Automatic;
				DEVELOPMENT_ASSET_PATHS = "SwiftUI_Demo6/Preview\\ Content";
				ENABLE_PREVIEWS = YES;
				INFOPLIST_FILE = SwiftUI_Demo6/Info.plist;
				LD_RUNPATH_SEARCH_PATHS = (
					"$(inherited)",
					"@executable_path/Frameworks",
				);
				PRODUCT_BUNDLE_IDENTIFIER = "daniel.SwiftUI-Demo6";
				PRODUCT_NAME = "$(TARGET_NAME)";
				SWIFT_VERSION = 5.0;
				TARGETED_DEVICE_FAMILY = "1,2";
			};
			name = Release;
		};
		65559B5022B3750200398785 /* Debug */ = {
			isa = XCBuildConfiguration;
			buildSettings = {
				ALWAYS_EMBED_SWIFT_STANDARD_LIBRARIES = YES;
				BUNDLE_LOADER = "$(TEST_HOST)";
				CODE_SIGN_STYLE = Automatic;
				INFOPLIST_FILE = SwiftUI_Demo6Tests/Info.plist;
				LD_RUNPATH_SEARCH_PATHS = (
					"$(inherited)",
					"@executable_path/Frameworks",
					"@loader_path/Frameworks",
				);
				PRODUCT_BUNDLE_IDENTIFIER = "daniel.SwiftUI-Demo6Tests";
				PRODUCT_NAME = "$(TARGET_NAME)";
				SWIFT_VERSION = 5.0;
				TARGETED_DEVICE_FAMILY = "1,2";
				TEST_HOST = "$(BUILT_PRODUCTS_DIR)/SwiftUI_Demo6.app/SwiftUI_Demo6";
			};
			name = Debug;
		};
		65559B5122B3750200398785 /* Release */ = {
			isa = XCBuildConfiguration;
			buildSettings = {
				ALWAYS_EMBED_SWIFT_STANDARD_LIBRARIES = YES;
				BUNDLE_LOADER = "$(TEST_HOST)";
				CODE_SIGN_STYLE = Automatic;
				INFOPLIST_FILE = SwiftUI_Demo6Tests/Info.plist;
				LD_RUNPATH_SEARCH_PATHS = (
					"$(inherited)",
					"@executable_path/Frameworks",
					"@loader_path/Frameworks",
				);
				PRODUCT_BUNDLE_IDENTIFIER = "daniel.SwiftUI-Demo6Tests";
				PRODUCT_NAME = "$(TARGET_NAME)";
				SWIFT_VERSION = 5.0;
				TARGETED_DEVICE_FAMILY = "1,2";
				TEST_HOST = "$(BUILT_PRODUCTS_DIR)/SwiftUI_Demo6.app/SwiftUI_Demo6";
			};
			name = Release;
		};
		65559B5322B3750200398785 /* Debug */ = {
			isa = XCBuildConfiguration;
			buildSettings = {
				ALWAYS_EMBED_SWIFT_STANDARD_LIBRARIES = YES;
				CODE_SIGN_STYLE = Automatic;
				INFOPLIST_FILE = SwiftUI_Demo6UITests/Info.plist;
				LD_RUNPATH_SEARCH_PATHS = (
					"$(inherited)",
					"@executable_path/Frameworks",
					"@loader_path/Frameworks",
				);
				PRODUCT_BUNDLE_IDENTIFIER = "daniel.SwiftUI-Demo6UITests";
				PRODUCT_NAME = "$(TARGET_NAME)";
				SWIFT_VERSION = 5.0;
				TARGETED_DEVICE_FAMILY = "1,2";
				TEST_TARGET_NAME = SwiftUI_Demo6;
			};
			name = Debug;
		};
		65559B5422B3750200398785 /* Release */ = {
			isa = XCBuildConfiguration;
			buildSettings = {
				ALWAYS_EMBED_SWIFT_STANDARD_LIBRARIES = YES;
				CODE_SIGN_STYLE = Automatic;
				INFOPLIST_FILE = SwiftUI_Demo6UITests/Info.plist;
				LD_RUNPATH_SEARCH_PATHS = (
					"$(inherited)",
					"@executable_path/Frameworks",
					"@loader_path/Frameworks",
				);
				PRODUCT_BUNDLE_IDENTIFIER = "daniel.SwiftUI-Demo6UITests";
				PRODUCT_NAME = "$(TARGET_NAME)";
				SWIFT_VERSION = 5.0;
				TARGETED_DEVICE_FAMILY = "1,2";
				TEST_TARGET_NAME = SwiftUI_Demo6;
			};
			name = Release;
		};
/* End XCBuildConfiguration section */

/* Begin XCConfigurationList section */
		65559B1D22B3750100398785 /* Build configuration list for PBXProject "SwiftUI_Demo6" */ = {
			isa = XCConfigurationList;
			buildConfigurations = (
				65559B4A22B3750200398785 /* Debug */,
				65559B4B22B3750200398785 /* Release */,
			);
			defaultConfigurationIsVisible = 0;
			defaultConfigurationName = Release;
		};
		65559B4C22B3750200398785 /* Build configuration list for PBXNativeTarget "SwiftUI_Demo6" */ = {
			isa = XCConfigurationList;
			buildConfigurations = (
				65559B4D22B3750200398785 /* Debug */,
				65559B4E22B3750200398785 /* Release */,
			);
			defaultConfigurationIsVisible = 0;
			defaultConfigurationName = Release;
		};
		65559B4F22B3750200398785 /* Build configuration list for PBXNativeTarget "SwiftUI_Demo6Tests" */ = {
			isa = XCConfigurationList;
			buildConfigurations = (
				65559B5022B3750200398785 /* Debug */,
				65559B5122B3750200398785 /* Release */,
			);
			defaultConfigurationIsVisible = 0;
			defaultConfigurationName = Release;
		};
		65559B5222B3750200398785 /* Build configuration list for PBXNativeTarget "SwiftUI_Demo6UITests" */ = {
			isa = XCConfigurationList;
			buildConfigurations = (
				65559B5322B3750200398785 /* Debug */,
				65559B5422B3750200398785 /* Release */,
			);
			defaultConfigurationIsVisible = 0;
			defaultConfigurationName = Release;
		};
/* End XCConfigurationList section */
	};
	rootObject = 65559B1A22B3750100398785 /* Project object */;
}
