// !$*UTF8*$!
{
	archiveVersion = 1;
	classes = {
	};
	objectVersion = 50;
	objects = {

/* Begin PBXBuildFile section */
		65DBD3E8229D525000A8CC5D /* AppDelegate.swift in Sources */ = {isa = PBXBuildFile; fileRef = 65DBD3E7229D525000A8CC5D /* AppDelegate.swift */; };
		65DBD3EA229D525000A8CC5D /* ViewController.swift in Sources */ = {isa = PBXBuildFile; fileRef = 65DBD3E9229D525000A8CC5D /* ViewController.swift */; };
		65DBD3ED229D525000A8CC5D /* Main.storyboard in Resources */ = {isa = PBXBuildFile; fileRef = 65DBD3EB229D525000A8CC5D /* Main.storyboard */; };
		65DBD3EF229D525100A8CC5D /* Assets.xcassets in Resources */ = {isa = PBXBuildFile; fileRef = 65DBD3EE229D525100A8CC5D /* Assets.xcassets */; };
		65DBD3F2229D525100A8CC5D /* LaunchScreen.storyboard in Resources */ = {isa = PBXBuildFile; fileRef = 65DBD3F0229D525100A8CC5D /* LaunchScreen.storyboard */; };
		65DBD3FD229D525100A8CC5D /* Xcode_______Tests.swift in Sources */ = {isa = PBXBuildFile; fileRef = 65DBD3FC229D525100A8CC5D /* Xcode_______Tests.swift */; };
		65DBD408229D525100A8CC5D /* Xcode_______UITests.swift in Sources */ = {isa = PBXBuildFile; fileRef = 65DBD407229D525100A8CC5D /* Xcode_______UITests.swift */; };
/* End PBXBuildFile section */

/* Begin PBXContainerItemProxy section */
		65DBD3F9229D525100A8CC5D /* PBXContainerItemProxy */ = {
			isa = PBXContainerItemProxy;
			containerPortal = 65DBD3DC229D525000A8CC5D /* Project object */;
			proxyType = 1;
			remoteGlobalIDString = 65DBD3E3229D525000A8CC5D;
			remoteInfo = "Xcode隐藏的自带功能";
		};
		65DBD404229D525100A8CC5D /* PBXContainerItemProxy */ = {
			isa = PBXContainerItemProxy;
			containerPortal = 65DBD3DC229D525000A8CC5D /* Project object */;
			proxyType = 1;
			remoteGlobalIDString = 65DBD3E3229D525000A8CC5D;
			remoteInfo = "Xcode隐藏的自带功能";
		};
/* End PBXContainerItemProxy section */

/* Begin PBXFileReference section */
		65DBD3E4229D525000A8CC5D /* Xcode隐藏的自带功能.app */ = {isa = PBXFileReference; explicitFileType = wrapper.application; includeInIndex = 0; path = "Xcode隐藏的自带功能.app"; sourceTree = BUILT_PRODUCTS_DIR; };
		65DBD3E7229D525000A8CC5D /* AppDelegate.swift */ = {isa = PBXFileReference; lastKnownFileType = sourcecode.swift; path = AppDelegate.swift; sourceTree = "<group>"; };
		65DBD3E9229D525000A8CC5D /* ViewController.swift */ = {isa = PBXFileReference; lastKnownFileType = sourcecode.swift; path = ViewController.swift; sourceTree = "<group>"; };
		65DBD3EC229D525000A8CC5D /* Base */ = {isa = PBXFileReference; lastKnownFileType = file.storyboard; name = Base; path = Base.lproj/Main.storyboard; sourceTree = "<group>"; };
		65DBD3EE229D525100A8CC5D /* Assets.xcassets */ = {isa = PBXFileReference; lastKnownFileType = folder.assetcatalog; path = Assets.xcassets; sourceTree = "<group>"; };
		65DBD3F1229D525100A8CC5D /* Base */ = {isa = PBXFileReference; lastKnownFileType = file.storyboard; name = Base; path = Base.lproj/LaunchScreen.storyboard; sourceTree = "<group>"; };
		65DBD3F3229D525100A8CC5D /* Info.plist */ = {isa = PBXFileReference; lastKnownFileType = text.plist.xml; path = Info.plist; sourceTree = "<group>"; };
		65DBD3F8229D525100A8CC5D /* Xcode隐藏的自带功能Tests.xctest */ = {isa = PBXFileReference; explicitFileType = wrapper.cfbundle; includeInIndex = 0; path = "Xcode隐藏的自带功能Tests.xctest"; sourceTree = BUILT_PRODUCTS_DIR; };
		65DBD3FC229D525100A8CC5D /* Xcode_______Tests.swift */ = {isa = PBXFileReference; lastKnownFileType = sourcecode.swift; path = "Xcode_______Tests.swift"; sourceTree = "<group>"; };
		65DBD3FE229D525100A8CC5D /* Info.plist */ = {isa = PBXFileReference; lastKnownFileType = text.plist.xml; path = Info.plist; sourceTree = "<group>"; };
		65DBD403229D525100A8CC5D /* Xcode隐藏的自带功能UITests.xctest */ = {isa = PBXFileReference; explicitFileType = wrapper.cfbundle; includeInIndex = 0; path = "Xcode隐藏的自带功能UITests.xctest"; sourceTree = BUILT_PRODUCTS_DIR; };
		65DBD407229D525100A8CC5D /* Xcode_______UITests.swift */ = {isa = PBXFileReference; lastKnownFileType = sourcecode.swift; path = "Xcode_______UITests.swift"; sourceTree = "<group>"; };
		65DBD409229D525100A8CC5D /* Info.plist */ = {isa = PBXFileReference; lastKnownFileType = text.plist.xml; path = Info.plist; sourceTree = "<group>"; };
/* End PBXFileReference section */

/* Begin PBXFrameworksBuildPhase section */
		65DBD3E1229D525000A8CC5D /* Frameworks */ = {
			isa = PBXFrameworksBuildPhase;
			buildActionMask = 2147483647;
			files = (
			);
			runOnlyForDeploymentPostprocessing = 0;
		};
		65DBD3F5229D525100A8CC5D /* Frameworks */ = {
			isa = PBXFrameworksBuildPhase;
			buildActionMask = 2147483647;
			files = (
			);
			runOnlyForDeploymentPostprocessing = 0;
		};
		65DBD400229D525100A8CC5D /* Frameworks */ = {
			isa = PBXFrameworksBuildPhase;
			buildActionMask = 2147483647;
			files = (
			);
			runOnlyForDeploymentPostprocessing = 0;
		};
/* End PBXFrameworksBuildPhase section */

/* Begin PBXGroup section */
		65DBD3DB229D525000A8CC5D = {
			isa = PBXGroup;
			children = (
				65DBD3E6229D525000A8CC5D /* Xcode隐藏的自带功能 */,
				65DBD3FB229D525100A8CC5D /* Xcode隐藏的自带功能Tests */,
				65DBD406229D525100A8CC5D /* Xcode隐藏的自带功能UITests */,
				65DBD3E5229D525000A8CC5D /* Products */,
			);
			sourceTree = "<group>";
		};
		65DBD3E5229D525000A8CC5D /* Products */ = {
			isa = PBXGroup;
			children = (
				65DBD3E4229D525000A8CC5D /* Xcode隐藏的自带功能.app */,
				65DBD3F8229D525100A8CC5D /* Xcode隐藏的自带功能Tests.xctest */,
				65DBD403229D525100A8CC5D /* Xcode隐藏的自带功能UITests.xctest */,
			);
			name = Products;
			sourceTree = "<group>";
		};
		65DBD3E6229D525000A8CC5D /* Xcode隐藏的自带功能 */ = {
			isa = PBXGroup;
			children = (
				65DBD3E7229D525000A8CC5D /* AppDelegate.swift */,
				65DBD3E9229D525000A8CC5D /* ViewController.swift */,
				65DBD3EB229D525000A8CC5D /* Main.storyboard */,
				65DBD3EE229D525100A8CC5D /* Assets.xcassets */,
				65DBD3F0229D525100A8CC5D /* LaunchScreen.storyboard */,
				65DBD3F3229D525100A8CC5D /* Info.plist */,
			);
			path = "Xcode隐藏的自带功能";
			sourceTree = "<group>";
		};
		65DBD3FB229D525100A8CC5D /* Xcode隐藏的自带功能Tests */ = {
			isa = PBXGroup;
			children = (
				65DBD3FC229D525100A8CC5D /* Xcode_______Tests.swift */,
				65DBD3FE229D525100A8CC5D /* Info.plist */,
			);
			path = "Xcode隐藏的自带功能Tests";
			sourceTree = "<group>";
		};
		65DBD406229D525100A8CC5D /* Xcode隐藏的自带功能UITests */ = {
			isa = PBXGroup;
			children = (
				65DBD407229D525100A8CC5D /* Xcode_______UITests.swift */,
				65DBD409229D525100A8CC5D /* Info.plist */,
			);
			path = "Xcode隐藏的自带功能UITests";
			sourceTree = "<group>";
		};
/* End PBXGroup section */

/* Begin PBXNativeTarget section */
		65DBD3E3229D525000A8CC5D /* Xcode隐藏的自带功能 */ = {
			isa = PBXNativeTarget;
			buildConfigurationList = 65DBD40C229D525100A8CC5D /* Build configuration list for PBXNativeTarget "Xcode隐藏的自带功能" */;
			buildPhases = (
				65DBD3E0229D525000A8CC5D /* Sources */,
				65DBD3E1229D525000A8CC5D /* Frameworks */,
				65DBD3E2229D525000A8CC5D /* Resources */,
			);
			buildRules = (
			);
			dependencies = (
			);
			name = "Xcode隐藏的自带功能";
			productName = "Xcode隐藏的自带功能";
			productReference = 65DBD3E4229D525000A8CC5D /* Xcode隐藏的自带功能.app */;
			productType = "com.apple.product-type.application";
		};
		65DBD3F7229D525100A8CC5D /* Xcode隐藏的自带功能Tests */ = {
			isa = PBXNativeTarget;
			buildConfigurationList = 65DBD40F229D525100A8CC5D /* Build configuration list for PBXNativeTarget "Xcode隐藏的自带功能Tests" */;
			buildPhases = (
				65DBD3F4229D525100A8CC5D /* Sources */,
				65DBD3F5229D525100A8CC5D /* Frameworks */,
				65DBD3F6229D525100A8CC5D /* Resources */,
			);
			buildRules = (
			);
			dependencies = (
				65DBD3FA229D525100A8CC5D /* PBXTargetDependency */,
			);
			name = "Xcode隐藏的自带功能Tests";
			productName = "Xcode隐藏的自带功能Tests";
			productReference = 65DBD3F8229D525100A8CC5D /* Xcode隐藏的自带功能Tests.xctest */;
			productType = "com.apple.product-type.bundle.unit-test";
		};
		65DBD402229D525100A8CC5D /* Xcode隐藏的自带功能UITests */ = {
			isa = PBXNativeTarget;
			buildConfigurationList = 65DBD412229D525100A8CC5D /* Build configuration list for PBXNativeTarget "Xcode隐藏的自带功能UITests" */;
			buildPhases = (
				65DBD3FF229D525100A8CC5D /* Sources */,
				65DBD400229D525100A8CC5D /* Frameworks */,
				65DBD401229D525100A8CC5D /* Resources */,
			);
			buildRules = (
			);
			dependencies = (
				65DBD405229D525100A8CC5D /* PBXTargetDependency */,
			);
			name = "Xcode隐藏的自带功能UITests";
			productName = "Xcode隐藏的自带功能UITests";
			productReference = 65DBD403229D525100A8CC5D /* Xcode隐藏的自带功能UITests.xctest */;
			productType = "com.apple.product-type.bundle.ui-testing";
		};
/* End PBXNativeTarget section */

/* Begin PBXProject section */
		65DBD3DC229D525000A8CC5D /* Project object */ = {
			isa = PBXProject;
			attributes = {
				LastSwiftUpdateCheck = 1020;
				LastUpgradeCheck = 1020;
				ORGANIZATIONNAME = daniel;
				TargetAttributes = {
					65DBD3E3229D525000A8CC5D = {
						CreatedOnToolsVersion = 10.2;
					};
					65DBD3F7229D525100A8CC5D = {
						CreatedOnToolsVersion = 10.2;
						TestTargetID = 65DBD3E3229D525000A8CC5D;
					};
					65DBD402229D525100A8CC5D = {
						CreatedOnToolsVersion = 10.2;
						TestTargetID = 65DBD3E3229D525000A8CC5D;
					};
				};
			};
			buildConfigurationList = 65DBD3DF229D525000A8CC5D /* Build configuration list for PBXProject "Xcode隐藏的自带功能" */;
			compatibilityVersion = "Xcode 9.3";
			developmentRegion = en;
			hasScannedForEncodings = 0;
			knownRegions = (
				en,
				Base,
			);
			mainGroup = 65DBD3DB229D525000A8CC5D;
			productRefGroup = 65DBD3E5229D525000A8CC5D /* Products */;
			projectDirPath = "";
			projectRoot = "";
			targets = (
				65DBD3E3229D525000A8CC5D /* Xcode隐藏的自带功能 */,
				65DBD3F7229D525100A8CC5D /* Xcode隐藏的自带功能Tests */,
				65DBD402229D525100A8CC5D /* Xcode隐藏的自带功能UITests */,
			);
		};
/* End PBXProject section */

/* Begin PBXResourcesBuildPhase section */
		65DBD3E2229D525000A8CC5D /* Resources */ = {
			isa = PBXResourcesBuildPhase;
			buildActionMask = 2147483647;
			files = (
				65DBD3F2229D525100A8CC5D /* LaunchScreen.storyboard in Resources */,
				65DBD3EF229D525100A8CC5D /* Assets.xcassets in Resources */,
				65DBD3ED229D525000A8CC5D /* Main.storyboard in Resources */,
			);
			runOnlyForDeploymentPostprocessing = 0;
		};
		65DBD3F6229D525100A8CC5D /* Resources */ = {
			isa = PBXResourcesBuildPhase;
			buildActionMask = 2147483647;
			files = (
			);
			runOnlyForDeploymentPostprocessing = 0;
		};
		65DBD401229D525100A8CC5D /* Resources */ = {
			isa = PBXResourcesBuildPhase;
			buildActionMask = 2147483647;
			files = (
			);
			runOnlyForDeploymentPostprocessing = 0;
		};
/* End PBXResourcesBuildPhase section */

/* Begin PBXSourcesBuildPhase section */
		65DBD3E0229D525000A8CC5D /* Sources */ = {
			isa = PBXSourcesBuildPhase;
			buildActionMask = 2147483647;
			files = (
				65DBD3EA229D525000A8CC5D /* ViewController.swift in Sources */,
				65DBD3E8229D525000A8CC5D /* AppDelegate.swift in Sources */,
			);
			runOnlyForDeploymentPostprocessing = 0;
		};
		65DBD3F4229D525100A8CC5D /* Sources */ = {
			isa = PBXSourcesBuildPhase;
			buildActionMask = 2147483647;
			files = (
				65DBD3FD229D525100A8CC5D /* Xcode_______Tests.swift in Sources */,
			);
			runOnlyForDeploymentPostprocessing = 0;
		};
		65DBD3FF229D525100A8CC5D /* Sources */ = {
			isa = PBXSourcesBuildPhase;
			buildActionMask = 2147483647;
			files = (
				65DBD408229D525100A8CC5D /* Xcode_______UITests.swift in Sources */,
			);
			runOnlyForDeploymentPostprocessing = 0;
		};
/* End PBXSourcesBuildPhase section */

/* Begin PBXTargetDependency section */
		65DBD3FA229D525100A8CC5D /* PBXTargetDependency */ = {
			isa = PBXTargetDependency;
			target = 65DBD3E3229D525000A8CC5D /* Xcode隐藏的自带功能 */;
			targetProxy = 65DBD3F9229D525100A8CC5D /* PBXContainerItemProxy */;
		};
		65DBD405229D525100A8CC5D /* PBXTargetDependency */ = {
			isa = PBXTargetDependency;
			target = 65DBD3E3229D525000A8CC5D /* Xcode隐藏的自带功能 */;
			targetProxy = 65DBD404229D525100A8CC5D /* PBXContainerItemProxy */;
		};
/* End PBXTargetDependency section */

/* Begin PBXVariantGroup section */
		65DBD3EB229D525000A8CC5D /* Main.storyboard */ = {
			isa = PBXVariantGroup;
			children = (
				65DBD3EC229D525000A8CC5D /* Base */,
			);
			name = Main.storyboard;
			sourceTree = "<group>";
		};
		65DBD3F0229D525100A8CC5D /* LaunchScreen.storyboard */ = {
			isa = PBXVariantGroup;
			children = (
				65DBD3F1229D525100A8CC5D /* Base */,
			);
			name = LaunchScreen.storyboard;
			sourceTree = "<group>";
		};
/* End PBXVariantGroup section */

/* Begin XCBuildConfiguration section */
		65DBD40A229D525100A8CC5D /* Debug */ = {
			isa = XCBuildConfiguration;
			buildSettings = {
				ALWAYS_SEARCH_USER_PATHS = NO;
				CLANG_ANALYZER_NONNULL = YES;
				CLANG_ANALYZER_NUMBER_OBJECT_CONVERSION = YES_AGGRESSIVE;
				CLANG_CXX_LANGUAGE_STANDARD = "gnu++14";
				CLANG_CXX_LIBRARY = "libc++";
				CLANG_ENABLE_MODULES = YES;
				CLANG_ENABLE_OBJC_ARC = YES;
				CLANG_ENABLE_OBJC_WEAK = YES;
				CLANG_WARN_BLOCK_CAPTURE_AUTORELEASING = YES;
				CLANG_WARN_BOOL_CONVERSION = YES;
				CLANG_WARN_COMMA = YES;
				CLANG_WARN_CONSTANT_CONVERSION = YES;
				CLANG_WARN_DEPRECATED_OBJC_IMPLEMENTATIONS = YES;
				CLANG_WARN_DIRECT_OBJC_ISA_USAGE = YES_ERROR;
				CLANG_WARN_DOCUMENTATION_COMMENTS = YES;
				CLANG_WARN_EMPTY_BODY = YES;
				CLANG_WARN_ENUM_CONVERSION = YES;
				CLANG_WARN_INFINITE_RECURSION = YES;
				CLANG_WARN_INT_CONVERSION = YES;
				CLANG_WARN_NON_LITERAL_NULL_CONVERSION = YES;
				CLANG_WARN_OBJC_IMPLICIT_RETAIN_SELF = YES;
				CLANG_WARN_OBJC_LITERAL_CONVERSION = YES;
				CLANG_WARN_OBJC_ROOT_CLASS = YES_ERROR;
				CLANG_WARN_RANGE_LOOP_ANALYSIS = YES;
				CLANG_WARN_STRICT_PROTOTYPES = YES;
				CLANG_WARN_SUSPICIOUS_MOVE = YES;
				CLANG_WARN_UNGUARDED_AVAILABILITY = YES_AGGRESSIVE;
				CLANG_WARN_UNREACHABLE_CODE = YES;
				CLANG_WARN__DUPLICATE_METHOD_MATCH = YES;
				CODE_SIGN_IDENTITY = "iPhone Developer";
				COPY_PHASE_STRIP = NO;
				DEBUG_INFORMATION_FORMAT = dwarf;
				ENABLE_STRICT_OBJC_MSGSEND = YES;
				ENABLE_TESTABILITY = YES;
				GCC_C_LANGUAGE_STANDARD = gnu11;
				GCC_DYNAMIC_NO_PIC = NO;
				GCC_NO_COMMON_BLOCKS = YES;
				GCC_OPTIMIZATION_LEVEL = 0;
				GCC_PREPROCESSOR_DEFINITIONS = (
					"DEBUG=1",
					"$(inherited)",
				);
				GCC_WARN_64_TO_32_BIT_CONVERSION = YES;
				GCC_WARN_ABOUT_RETURN_TYPE = YES_ERROR;
				GCC_WARN_UNDECLARED_SELECTOR = YES;
				GCC_WARN_UNINITIALIZED_AUTOS = YES_AGGRESSIVE;
				GCC_WARN_UNUSED_FUNCTION = YES;
				GCC_WARN_UNUSED_VARIABLE = YES;
				IPHONEOS_DEPLOYMENT_TARGET = 12.2;
				MTL_ENABLE_DEBUG_INFO = INCLUDE_SOURCE;
				MTL_FAST_MATH = YES;
				ONLY_ACTIVE_ARCH = YES;
				SDKROOT = iphoneos;
				SWIFT_ACTIVE_COMPILATION_CONDITIONS = DEBUG;
				SWIFT_OPTIMIZATION_LEVEL = "-Onone";
			};
			name = Debug;
		};
		65DBD40B229D525100A8CC5D /* Release */ = {
			isa = XCBuildConfiguration;
			buildSettings = {
				ALWAYS_SEARCH_USER_PATHS = NO;
				CLANG_ANALYZER_NONNULL = YES;
				CLANG_ANALYZER_NUMBER_OBJECT_CONVERSION = YES_AGGRESSIVE;
				CLANG_CXX_LANGUAGE_STANDARD = "gnu++14";
				CLANG_CXX_LIBRARY = "libc++";
				CLANG_ENABLE_MODULES = YES;
				CLANG_ENABLE_OBJC_ARC = YES;
				CLANG_ENABLE_OBJC_WEAK = YES;
				CLANG_WARN_BLOCK_CAPTURE_AUTORELEASING = YES;
				CLANG_WARN_BOOL_CONVERSION = YES;
				CLANG_WARN_COMMA = YES;
				CLANG_WARN_CONSTANT_CONVERSION = YES;
				CLANG_WARN_DEPRECATED_OBJC_IMPLEMENTATIONS = YES;
				CLANG_WARN_DIRECT_OBJC_ISA_USAGE = YES_ERROR;
				CLANG_WARN_DOCUMENTATION_COMMENTS = YES;
				CLANG_WARN_EMPTY_BODY = YES;
				CLANG_WARN_ENUM_CONVERSION = YES;
				CLANG_WARN_INFINITE_RECURSION = YES;
				CLANG_WARN_INT_CONVERSION = YES;
				CLANG_WARN_NON_LITERAL_NULL_CONVERSION = YES;
				CLANG_WARN_OBJC_IMPLICIT_RETAIN_SELF = YES;
				CLANG_WARN_OBJC_LITERAL_CONVERSION = YES;
				CLANG_WARN_OBJC_ROOT_CLASS = YES_ERROR;
				CLANG_WARN_RANGE_LOOP_ANALYSIS = YES;
				CLANG_WARN_STRICT_PROTOTYPES = YES;
				CLANG_WARN_SUSPICIOUS_MOVE = YES;
				CLANG_WARN_UNGUARDED_AVAILABILITY = YES_AGGRESSIVE;
				CLANG_WARN_UNREACHABLE_CODE = YES;
				CLANG_WARN__DUPLICATE_METHOD_MATCH = YES;
				CODE_SIGN_IDENTITY = "iPhone Developer";
				COPY_PHASE_STRIP = NO;
				DEBUG_INFORMATION_FORMAT = "dwarf-with-dsym";
				ENABLE_NS_ASSERTIONS = NO;
				ENABLE_STRICT_OBJC_MSGSEND = YES;
				GCC_C_LANGUAGE_STANDARD = gnu11;
				GCC_NO_COMMON_BLOCKS = YES;
				GCC_WARN_64_TO_32_BIT_CONVERSION = YES;
				GCC_WARN_ABOUT_RETURN_TYPE = YES_ERROR;
				GCC_WARN_UNDECLARED_SELECTOR = YES;
				GCC_WARN_UNINITIALIZED_AUTOS = YES_AGGRESSIVE;
				GCC_WARN_UNUSED_FUNCTION = YES;
				GCC_WARN_UNUSED_VARIABLE = YES;
				IPHONEOS_DEPLOYMENT_TARGET = 12.2;
				MTL_ENABLE_DEBUG_INFO = NO;
				MTL_FAST_MATH = YES;
				SDKROOT = iphoneos;
				SWIFT_COMPILATION_MODE = wholemodule;
				SWIFT_OPTIMIZATION_LEVEL = "-O";
				VALIDATE_PRODUCT = YES;
			};
			name = Release;
		};
		65DBD40D229D525100A8CC5D /* Debug */ = {
			isa = XCBuildConfiguration;
			buildSettings = {
				ASSETCATALOG_COMPILER_APPICON_NAME = AppIcon;
				CODE_SIGN_STYLE = Automatic;
				INFOPLIST_FILE = "Xcode隐藏的自带功能/Info.plist";
				LD_RUNPATH_SEARCH_PATHS = (
					"$(inherited)",
					"@executable_path/Frameworks",
				);
				PRODUCT_BUNDLE_IDENTIFIER = "daniel.Xcode-------";
				PRODUCT_NAME = "$(TARGET_NAME)";
				SWIFT_VERSION = 5.0;
				TARGETED_DEVICE_FAMILY = "1,2";
			};
			name = Debug;
		};
		65DBD40E229D525100A8CC5D /* Release */ = {
			isa = XCBuildConfiguration;
			buildSettings = {
				ASSETCATALOG_COMPILER_APPICON_NAME = AppIcon;
				CODE_SIGN_STYLE = Automatic;
				INFOPLIST_FILE = "Xcode隐藏的自带功能/Info.plist";
				LD_RUNPATH_SEARCH_PATHS = (
					"$(inherited)",
					"@executable_path/Frameworks",
				);
				PRODUCT_BUNDLE_IDENTIFIER = "daniel.Xcode-------";
				PRODUCT_NAME = "$(TARGET_NAME)";
				SWIFT_VERSION = 5.0;
				TARGETED_DEVICE_FAMILY = "1,2";
			};
			name = Release;
		};
		65DBD410229D525100A8CC5D /* Debug */ = {
			isa = XCBuildConfiguration;
			buildSettings = {
				ALWAYS_EMBED_SWIFT_STANDARD_LIBRARIES = YES;
				BUNDLE_LOADER = "$(TEST_HOST)";
				CODE_SIGN_STYLE = Automatic;
				INFOPLIST_FILE = "Xcode隐藏的自带功能Tests/Info.plist";
				LD_RUNPATH_SEARCH_PATHS = (
					"$(inherited)",
					"@executable_path/Frameworks",
					"@loader_path/Frameworks",
				);
				PRODUCT_BUNDLE_IDENTIFIER = "daniel.Xcode-------Tests";
				PRODUCT_NAME = "$(TARGET_NAME)";
				SWIFT_VERSION = 5.0;
				TARGETED_DEVICE_FAMILY = "1,2";
				TEST_HOST = "$(BUILT_PRODUCTS_DIR)/Xcode隐藏的自带功能.app/Xcode隐藏的自带功能";
			};
			name = Debug;
		};
		65DBD411229D525100A8CC5D /* Release */ = {
			isa = XCBuildConfiguration;
			buildSettings = {
				ALWAYS_EMBED_SWIFT_STANDARD_LIBRARIES = YES;
				BUNDLE_LOADER = "$(TEST_HOST)";
				CODE_SIGN_STYLE = Automatic;
				INFOPLIST_FILE = "Xcode隐藏的自带功能Tests/Info.plist";
				LD_RUNPATH_SEARCH_PATHS = (
					"$(inherited)",
					"@executable_path/Frameworks",
					"@loader_path/Frameworks",
				);
				PRODUCT_BUNDLE_IDENTIFIER = "daniel.Xcode-------Tests";
				PRODUCT_NAME = "$(TARGET_NAME)";
				SWIFT_VERSION = 5.0;
				TARGETED_DEVICE_FAMILY = "1,2";
				TEST_HOST = "$(BUILT_PRODUCTS_DIR)/Xcode隐藏的自带功能.app/Xcode隐藏的自带功能";
			};
			name = Release;
		};
		65DBD413229D525100A8CC5D /* Debug */ = {
			isa = XCBuildConfiguration;
			buildSettings = {
				ALWAYS_EMBED_SWIFT_STANDARD_LIBRARIES = YES;
				CODE_SIGN_STYLE = Automatic;
				INFOPLIST_FILE = "Xcode隐藏的自带功能UITests/Info.plist";
				LD_RUNPATH_SEARCH_PATHS = (
					"$(inherited)",
					"@executable_path/Frameworks",
					"@loader_path/Frameworks",
				);
				PRODUCT_BUNDLE_IDENTIFIER = "daniel.Xcode-------UITests";
				PRODUCT_NAME = "$(TARGET_NAME)";
				SWIFT_VERSION = 5.0;
				TARGETED_DEVICE_FAMILY = "1,2";
				TEST_TARGET_NAME = "Xcode隐藏的自带功能";
			};
			name = Debug;
		};
		65DBD414229D525100A8CC5D /* Release */ = {
			isa = XCBuildConfiguration;
			buildSettings = {
				ALWAYS_EMBED_SWIFT_STANDARD_LIBRARIES = YES;
				CODE_SIGN_STYLE = Automatic;
				INFOPLIST_FILE = "Xcode隐藏的自带功能UITests/Info.plist";
				LD_RUNPATH_SEARCH_PATHS = (
					"$(inherited)",
					"@executable_path/Frameworks",
					"@loader_path/Frameworks",
				);
				PRODUCT_BUNDLE_IDENTIFIER = "daniel.Xcode-------UITests";
				PRODUCT_NAME = "$(TARGET_NAME)";
				SWIFT_VERSION = 5.0;
				TARGETED_DEVICE_FAMILY = "1,2";
				TEST_TARGET_NAME = "Xcode隐藏的自带功能";
			};
			name = Release;
		};
/* End XCBuildConfiguration section */

/* Begin XCConfigurationList section */
		65DBD3DF229D525000A8CC5D /* Build configuration list for PBXProject "Xcode隐藏的自带功能" */ = {
			isa = XCConfigurationList;
			buildConfigurations = (
				65DBD40A229D525100A8CC5D /* Debug */,
				65DBD40B229D525100A8CC5D /* Release */,
			);
			defaultConfigurationIsVisible = 0;
			defaultConfigurationName = Release;
		};
		65DBD40C229D525100A8CC5D /* Build configuration list for PBXNativeTarget "Xcode隐藏的自带功能" */ = {
			isa = XCConfigurationList;
			buildConfigurations = (
				65DBD40D229D525100A8CC5D /* Debug */,
				65DBD40E229D525100A8CC5D /* Release */,
			);
			defaultConfigurationIsVisible = 0;
			defaultConfigurationName = Release;
		};
		65DBD40F229D525100A8CC5D /* Build configuration list for PBXNativeTarget "Xcode隐藏的自带功能Tests" */ = {
			isa = XCConfigurationList;
			buildConfigurations = (
				65DBD410229D525100A8CC5D /* Debug */,
				65DBD411229D525100A8CC5D /* Release */,
			);
			defaultConfigurationIsVisible = 0;
			defaultConfigurationName = Release;
		};
		65DBD412229D525100A8CC5D /* Build configuration list for PBXNativeTarget "Xcode隐藏的自带功能UITests" */ = {
			isa = XCConfigurationList;
			buildConfigurations = (
				65DBD413229D525100A8CC5D /* Debug */,
				65DBD414229D525100A8CC5D /* Release */,
			);
			defaultConfigurationIsVisible = 0;
			defaultConfigurationName = Release;
		};
/* End XCConfigurationList section */
	};
	rootObject = 65DBD3DC229D525000A8CC5D /* Project object */;
}
